
Microsoft Visual Studio Solution File, Format Version 12.00
# Visual Studio Version 16
VisualStudioVersion = 16.0.31424.327
MinimumVisualStudioVersion = 10.0.40219.1
Project("{9A19103F-16F7-4668-BE54-9A1E7A4F7556}") = "BDD.SpecFlow.Calculator", "src\BDD.SpecFlow.Calculator\BDD.SpecFlow.Calculator.csproj", "{A53BE57D-BF83-4B74-9CAB-6D1465FB4778}"
EndProject
Project("{9A19103F-16F7-4668-BE54-9A1E7A4F7556}") = "BDD.SpecFlow.Calculator.Specs", "src\BDD.SpecFlow.Calculator.Specs\BDD.SpecFlow.Calculator.Specs.csproj", "{44288655-29B7-4E88-A6E5-EBDA2D11B95A}"
EndProject
Global
	GlobalSection(SolutionConfigurationPlatforms) = preSolution
		Debug|Any CPU = Debug|Any CPU
		Release|Any CPU = Release|Any CPU
	EndGlobalSection
	GlobalSection(ProjectConfigurationPlatforms) = postSolution
		{A53BE57D-BF83-4B74-9CAB-6D1465FB4778}.Debug|Any CPU.ActiveCfg = Debug|Any CPU
		{A53BE57D-BF83-4B74-9CAB-6D1465FB4778}.Debug|Any CPU.Build.0 = Debug|Any CPU
		{A53BE57D-BF83-4B74-9CAB-6D1465FB4778}.Release|Any CPU.ActiveCfg = Release|Any CPU
		{A53BE57D-BF83-4B74-9CAB-6D1465FB4778}.Release|Any CPU.Build.0 = Release|Any CPU
		{44288655-29B7-4E88-A6E5-EBDA2D11B95A}.Debug|Any CPU.ActiveCfg = Debug|Any CPU
		{44288655-29B7-4E88-A6E5-EBDA2D11B95A}.Debug|Any CPU.Build.0 = Debug|Any CPU
		{44288655-29B7-4E88-A6E5-EBDA2D11B95A}.Release|Any CPU.ActiveCfg = Release|Any CPU
		{44288655-29B7-4E88-A6E5-EBDA2D11B95A}.Release|Any CPU.Build.0 = Release|Any CPU
	EndGlobalSection
	GlobalSection(SolutionProperties) = preSolution
		HideSolutionNode = FALSE
	EndGlobalSection
	GlobalSection(ExtensibilityGlobals) = postSolution
		SolutionGuid = {8ACC136B-7F9C-4397-BBCA-C8E5CF73077D}
	EndGlobalSection
EndGlobal
